
Microsoft Visual Studio Solution File, Format Version 12.00
# Visual Studio Version 17
VisualStudioVersion = 17.13.35919.96 d17.13
MinimumVisualStudioVersion = 10.0.40219.1
Project("{FAE04EC0-301F-11D3-BF4B-00C04F79EFBC}") = "Assignment 5.1.2", "Assignment 5.1.2.csproj", "{03052139-1735-4484-8720-729593888DF3}"
EndProject
Global
	GlobalSection(SolutionConfigurationPlatforms) = preSolution
		Debug|Any CPU = Debug|Any CPU
		Release|Any CPU = Release|Any CPU
	EndGlobalSection
	GlobalSection(ProjectConfigurationPlatforms) = postSolution
		{03052139-1735-4484-8720-729593888DF3}.Debug|Any CPU.ActiveCfg = Debug|Any CPU
		{03052139-1735-4484-8720-729593888DF3}.Debug|Any CPU.Build.0 = Debug|Any CPU
		{03052139-1735-4484-8720-729593888DF3}.Release|Any CPU.ActiveCfg = Release|Any CPU
		{03052139-1735-4484-8720-729593888DF3}.Release|Any CPU.Build.0 = Release|Any CPU
	EndGlobalSection
	GlobalSection(SolutionProperties) = preSolution
		HideSolutionNode = FALSE
	EndGlobalSection
	GlobalSection(ExtensibilityGlobals) = postSolution
		SolutionGuid = {87F5B416-07AA-49B1-B006-6C9BCE60E2A3}
	EndGlobalSection
EndGlobal
